
Microsoft Visual Studio Solution File, Format Version 12.00
# Visual Studio Version 16
VisualStudioVersion = 16.0.29613.14
MinimumVisualStudioVersion = 10.0.40219.1
Project("{FAE04EC0-301F-11D3-BF4B-00C04F79EFBC}") = "BlazorApp2", "BlazorApp2\BlazorApp2.csproj", "{D3B9B623-D334-4406-B59D-6AF5984B7C81}"
EndProject
Global
	GlobalSection(SolutionConfigurationPlatforms) = preSolution
		Debug|Any CPU = Debug|Any CPU
		Release|Any CPU = Release|Any CPU
	EndGlobalSection
	GlobalSection(ProjectConfigurationPlatforms) = postSolution
		{D3B9B623-D334-4406-B59D-6AF5984B7C81}.Debug|Any CPU.ActiveCfg = Debug|Any CPU
		{D3B9B623-D334-4406-B59D-6AF5984B7C81}.Debug|Any CPU.Build.0 = Debug|Any CPU
		{D3B9B623-D334-4406-B59D-6AF5984B7C81}.Release|Any CPU.ActiveCfg = Release|Any CPU
		{D3B9B623-D334-4406-B59D-6AF5984B7C81}.Release|Any CPU.Build.0 = Release|Any CPU
	EndGlobalSection
	GlobalSection(SolutionProperties) = preSolution
		HideSolutionNode = FALSE
	EndGlobalSection
	GlobalSection(ExtensibilityGlobals) = postSolution
		SolutionGuid = {4A74CA42-E641-4377-861E-BF21EE8B710F}
	EndGlobalSection
EndGlobal
